# THIS IS AN AUTOGENERATED FILE. DO NOT EDIT THIS FILE DIRECTLY.
# yarn lockfile v1


author-regex@^1.0.0:
  version "1.0.0"
  resolved "https://registry.yarnpkg.com/author-regex/-/author-regex-1.0.0.tgz#d08885be6b9bbf9439fe087c76287245f0a81450"

minimist@^1.2.0:
  version "1.2.6"
  resolved "https://registry.yarnpkg.com/minimist/-/minimist-1.2.6.tgz#8637a5b759ea0d6e98702cfb3a9283323c93af44"

nanoassert@^1.1.0:
  version "1.1.0"
  resolved "https://registry.yarnpkg.com/nanoassert/-/nanoassert-1.1.0.tgz#4f3152e09540fde28c76f44b19bbcd1d5a42478d"

parse-author@^2.0.0:
  version "2.0.0"
  resolved "https://registry.yarnpkg.com/parse-author/-/parse-author-2.0.0.tgz#d3460bf1ddd0dfaeed42da754242e65fb684a81f"
  dependencies:
    author-regex "^1.0.0"

sync-cordova-xml@^0.4.0:
  version "0.4.0"
  resolved "https://registry.yarnpkg.com/sync-cordova-xml/-/sync-cordova-xml-0.4.0.tgz#6a3dc99e525923079c8e5ec4364e3d3dd3c066a1"
  dependencies:
    minimist "^1.2.0"
    nanoassert "^1.1.0"
    parse-author "^2.0.0"
    xmldom "^0.1.27"

xmldom@^0.1.27:
  version "0.1.27"
  resolved "https://registry.yarnpkg.com/xmldom/-/xmldom-0.1.27.tgz#d501f97b3bdb403af8ef9ecc20573187aadac0e9"
